
Microsoft Visual Studio Solution File, Format Version 11.00
# Visual Web Developer Express 2010
Project("{FAE04EC0-301F-11D3-BF4B-00C04F79EFBC}") = "MSWebApp", "MyApp\MSWebApp.csproj", "{259621E3-58EF-40B2-9CC5-FAB083E4D4D5}"
	ProjectSection(ProjectDependencies) = postProject
		{29C651DE-3B7D-4A19-91C9-B5D434A0F898} = {29C651DE-3B7D-4A19-91C9-B5D434A0F898}
	EndProjectSection
EndProject
Project("{FAE04EC0-301F-11D3-BF4B-00C04F79EFBC}") = "MyApp.Web", "MyApp.Web\MyApp.Web.csproj", "{29C651DE-3B7D-4A19-91C9-B5D434A0F898}"
EndProject
Global
	GlobalSection(SolutionConfigurationPlatforms) = preSolution
		Debug|Any CPU = Debug|Any CPU
		Release|Any CPU = Release|Any CPU
	EndGlobalSection
	GlobalSection(ProjectConfigurationPlatforms) = postSolution
		{259621E3-58EF-40B2-9CC5-FAB083E4D4D5}.Debug|Any CPU.ActiveCfg = Debug|Any CPU
		{259621E3-58EF-40B2-9CC5-FAB083E4D4D5}.Debug|Any CPU.Build.0 = Debug|Any CPU
		{259621E3-58EF-40B2-9CC5-FAB083E4D4D5}.Release|Any CPU.ActiveCfg = Release|Any CPU
		{259621E3-58EF-40B2-9CC5-FAB083E4D4D5}.Release|Any CPU.Build.0 = Release|Any CPU
		{29C651DE-3B7D-4A19-91C9-B5D434A0F898}.Debug|Any CPU.ActiveCfg = Debug|Any CPU
		{29C651DE-3B7D-4A19-91C9-B5D434A0F898}.Debug|Any CPU.Build.0 = Debug|Any CPU
		{29C651DE-3B7D-4A19-91C9-B5D434A0F898}.Release|Any CPU.ActiveCfg = Release|Any CPU
		{29C651DE-3B7D-4A19-91C9-B5D434A0F898}.Release|Any CPU.Build.0 = Release|Any CPU
	EndGlobalSection
	GlobalSection(SolutionProperties) = preSolution
		HideSolutionNode = FALSE
	EndGlobalSection
EndGlobal
